
Microsoft Visual Studio Solution File, Format Version 12.00
# Visual Studio Version 17
VisualStudioVersion = 17.9.34622.214
MinimumVisualStudioVersion = 10.0.40219.1
Project("{FAE04EC0-301F-11D3-BF4B-00C04F79EFBC}") = "TodoApi", "TodoApi\TodoApi.csproj", "{1648D747-C293-424F-B88B-7D9FBE769E08}"
EndProject
Global
	GlobalSection(SolutionConfigurationPlatforms) = preSolution
		Debug|Any CPU = Debug|Any CPU
		Release|Any CPU = Release|Any CPU
	EndGlobalSection
	GlobalSection(ProjectConfigurationPlatforms) = postSolution
		{1648D747-C293-424F-B88B-7D9FBE769E08}.Debug|Any CPU.ActiveCfg = Debug|Any CPU
		{1648D747-C293-424F-B88B-7D9FBE769E08}.Debug|Any CPU.Build.0 = Debug|Any CPU
		{1648D747-C293-424F-B88B-7D9FBE769E08}.Release|Any CPU.ActiveCfg = Release|Any CPU
		{1648D747-C293-424F-B88B-7D9FBE769E08}.Release|Any CPU.Build.0 = Release|Any CPU
	EndGlobalSection
	GlobalSection(SolutionProperties) = preSolution
		HideSolutionNode = FALSE
	EndGlobalSection
	GlobalSection(ExtensibilityGlobals) = postSolution
		SolutionGuid = {9E62130A-FC7C-4813-B6D5-B507EA93A1C5}
	EndGlobalSection
EndGlobal
